
Microsoft Visual Studio Solution File, Format Version 12.00
# Visual Studio Version 17
VisualStudioVersion = 17.6.33815.320
MinimumVisualStudioVersion = 10.0.40219.1
Project("{8BC9CEB8-8B4A-11D0-8D11-00A0C91BC942}") = "Audio", "Source\Engine\Audio\Audio.vcxproj", "{D2C0FE65-606B-40D9-86A3-1464096E00F4}"
EndProject
Project("{2150E333-8FDC-42A3-9474-1A3956D46DE8}") = "Engine", "Engine", "{DE0D28E2-09D1-4A15-8861-FF906A570A14}"
EndProject
Project("{8BC9CEB8-8B4A-11D0-8D11-00A0C91BC942}") = "Core", "Source\Engine\Core\Core.vcxproj", "{779A1483-EA4E-4E06-AE5B-35B66997D982}"
EndProject
Project("{8BC9CEB8-8B4A-11D0-8D11-00A0C91BC942}") = "Framework", "Source\Engine\Framework\Framework.vcxproj", "{C021D94F-5945-4E44-BC97-E8BCEB467F40}"
EndProject
Project("{8BC9CEB8-8B4A-11D0-8D11-00A0C91BC942}") = "Input", "Source\Engine\Input\Input.vcxproj", "{5B35AFC1-D7D1-4EAA-8852-D08B664E51E2}"
EndProject
Project("{8BC9CEB8-8B4A-11D0-8D11-00A0C91BC942}") = "Renderer", "Source\Engine\Renderer\Renderer.vcxproj", "{2F2CBD01-A608-456E-8487-6FDC5153C7DC}"
EndProject
Project("{2150E333-8FDC-42A3-9474-1A3956D46DE8}") = "Game", "Game", "{45B24065-8A1F-4B31-A8A1-5D343D411BCD}"
EndProject
Project("{8BC9CEB8-8B4A-11D0-8D11-00A0C91BC942}") = "Game", "Source\Game\Game\Game.vcxproj", "{CDC1EECB-898B-429E-BF48-1AE7FD7E5725}"
EndProject
Global
	GlobalSection(SolutionConfigurationPlatforms) = preSolution
		Debug|x64 = Debug|x64
		Debug|x86 = Debug|x86
		Release|x64 = Release|x64
		Release|x86 = Release|x86
	EndGlobalSection
	GlobalSection(ProjectConfigurationPlatforms) = postSolution
		{D2C0FE65-606B-40D9-86A3-1464096E00F4}.Debug|x64.ActiveCfg = Debug|x64
		{D2C0FE65-606B-40D9-86A3-1464096E00F4}.Debug|x64.Build.0 = Debug|x64
		{D2C0FE65-606B-40D9-86A3-1464096E00F4}.Debug|x86.ActiveCfg = Debug|Win32
		{D2C0FE65-606B-40D9-86A3-1464096E00F4}.Debug|x86.Build.0 = Debug|Win32
		{D2C0FE65-606B-40D9-86A3-1464096E00F4}.Release|x64.ActiveCfg = Release|x64
		{D2C0FE65-606B-40D9-86A3-1464096E00F4}.Release|x64.Build.0 = Release|x64
		{D2C0FE65-606B-40D9-86A3-1464096E00F4}.Release|x86.ActiveCfg = Release|Win32
		{D2C0FE65-606B-40D9-86A3-1464096E00F4}.Release|x86.Build.0 = Release|Win32
		{779A1483-EA4E-4E06-AE5B-35B66997D982}.Debug|x64.ActiveCfg = Debug|x64
		{779A1483-EA4E-4E06-AE5B-35B66997D982}.Debug|x64.Build.0 = Debug|x64
		{779A1483-EA4E-4E06-AE5B-35B66997D982}.Debug|x86.ActiveCfg = Debug|Win32
		{779A1483-EA4E-4E06-AE5B-35B66997D982}.Debug|x86.Build.0 = Debug|Win32
		{779A1483-EA4E-4E06-AE5B-35B66997D982}.Release|x64.ActiveCfg = Release|x64
		{779A1483-EA4E-4E06-AE5B-35B66997D982}.Release|x64.Build.0 = Release|x64
		{779A1483-EA4E-4E06-AE5B-35B66997D982}.Release|x86.ActiveCfg = Release|Win32
		{779A1483-EA4E-4E06-AE5B-35B66997D982}.Release|x86.Build.0 = Release|Win32
		{C021D94F-5945-4E44-BC97-E8BCEB467F40}.Debug|x64.ActiveCfg = Debug|x64
		{C021D94F-5945-4E44-BC97-E8BCEB467F40}.Debug|x64.Build.0 = Debug|x64
		{C021D94F-5945-4E44-BC97-E8BCEB467F40}.Debug|x86.ActiveCfg = Debug|Win32
		{C021D94F-5945-4E44-BC97-E8BCEB467F40}.Debug|x86.Build.0 = Debug|Win32
		{C021D94F-5945-4E44-BC97-E8BCEB467F40}.Release|x64.ActiveCfg = Release|x64
		{C021D94F-5945-4E44-BC97-E8BCEB467F40}.Release|x64.Build.0 = Release|x64
		{C021D94F-5945-4E44-BC97-E8BCEB467F40}.Release|x86.ActiveCfg = Release|Win32
		{C021D94F-5945-4E44-BC97-E8BCEB467F40}.Release|x86.Build.0 = Release|Win32
		{5B35AFC1-D7D1-4EAA-8852-D08B664E51E2}.Debug|x64.ActiveCfg = Debug|x64
		{5B35AFC1-D7D1-4EAA-8852-D08B664E51E2}.Debug|x64.Build.0 = Debug|x64
		{5B35AFC1-D7D1-4EAA-8852-D08B664E51E2}.Debug|x86.ActiveCfg = Debug|Win32
		{5B35AFC1-D7D1-4EAA-8852-D08B664E51E2}.Debug|x86.Build.0 = Debug|Win32
		{5B35AFC1-D7D1-4EAA-8852-D08B664E51E2}.Release|x64.ActiveCfg = Release|x64
		{5B35AFC1-D7D1-4EAA-8852-D08B664E51E2}.Release|x64.Build.0 = Release|x64
		{5B35AFC1-D7D1-4EAA-8852-D08B664E51E2}.Release|x86.ActiveCfg = Release|Win32
		{5B35AFC1-D7D1-4EAA-8852-D08B664E51E2}.Release|x86.Build.0 = Release|Win32
		{2F2CBD01-A608-456E-8487-6FDC5153C7DC}.Debug|x64.ActiveCfg = Debug|x64
		{2F2CBD01-A608-456E-8487-6FDC5153C7DC}.Debug|x64.Build.0 = Debug|x64
		{2F2CBD01-A608-456E-8487-6FDC5153C7DC}.Debug|x86.ActiveCfg = Debug|Win32
		{2F2CBD01-A608-456E-8487-6FDC5153C7DC}.Debug|x86.Build.0 = Debug|Win32
		{2F2CBD01-A608-456E-8487-6FDC5153C7DC}.Release|x64.ActiveCfg = Release|x64
		{2F2CBD01-A608-456E-8487-6FDC5153C7DC}.Release|x64.Build.0 = Release|x64
		{2F2CBD01-A608-456E-8487-6FDC5153C7DC}.Release|x86.ActiveCfg = Release|Win32
		{2F2CBD01-A608-456E-8487-6FDC5153C7DC}.Release|x86.Build.0 = Release|Win32
		{CDC1EECB-898B-429E-BF48-1AE7FD7E5725}.Debug|x64.ActiveCfg = Debug|x64
		{CDC1EECB-898B-429E-BF48-1AE7FD7E5725}.Debug|x64.Build.0 = Debug|x64
		{CDC1EECB-898B-429E-BF48-1AE7FD7E5725}.Debug|x86.ActiveCfg = Debug|Win32
		{CDC1EECB-898B-429E-BF48-1AE7FD7E5725}.Debug|x86.Build.0 = Debug|Win32
		{CDC1EECB-898B-429E-BF48-1AE7FD7E5725}.Release|x64.ActiveCfg = Release|x64
		{CDC1EECB-898B-429E-BF48-1AE7FD7E5725}.Release|x64.Build.0 = Release|x64
		{CDC1EECB-898B-429E-BF48-1AE7FD7E5725}.Release|x86.ActiveCfg = Release|Win32
		{CDC1EECB-898B-429E-BF48-1AE7FD7E5725}.Release|x86.Build.0 = Release|Win32
	EndGlobalSection
	GlobalSection(SolutionProperties) = preSolution
		HideSolutionNode = FALSE
	EndGlobalSection
	GlobalSection(NestedProjects) = preSolution
		{D2C0FE65-606B-40D9-86A3-1464096E00F4} = {DE0D28E2-09D1-4A15-8861-FF906A570A14}
		{779A1483-EA4E-4E06-AE5B-35B66997D982} = {DE0D28E2-09D1-4A15-8861-FF906A570A14}
		{C021D94F-5945-4E44-BC97-E8BCEB467F40} = {DE0D28E2-09D1-4A15-8861-FF906A570A14}
		{5B35AFC1-D7D1-4EAA-8852-D08B664E51E2} = {DE0D28E2-09D1-4A15-8861-FF906A570A14}
		{2F2CBD01-A608-456E-8487-6FDC5153C7DC} = {DE0D28E2-09D1-4A15-8861-FF906A570A14}
		{CDC1EECB-898B-429E-BF48-1AE7FD7E5725} = {45B24065-8A1F-4B31-A8A1-5D343D411BCD}
	EndGlobalSection
	GlobalSection(ExtensibilityGlobals) = postSolution
		SolutionGuid = {1F329A10-03C7-45EE-8CA8-039F0D31758B}
	EndGlobalSection
EndGlobal
